{
  "version": 4,
  "terraform_version": "0.12.28",
  "serial": 1,
  "lineage": "5f4bf93c-cb1f-0bb8-9a27-53559cf67f64",
  "outputs": {
    "img-ibmi-size": {
      "value": 80,
      "type": "number"
    }
  },
  "resources": [
    {
      "mode": "data",
      "type": "ibm_pi_image",
      "name": "power_images",
      "provider": "provider.ibm",
      "instances": [
        {
          "schema_version": 0,
          "attributes": {
            "architecture": "ppc64",
            "hypervisor": "phyp",
            "id": "921e1bcf-77fe-4e4b-8d03-033d746092ee",
            "operatingsystem": "ibmi",
            "pi_cloud_instance_id": "f83b6038-b9a7-42a6-9500-6d458bbdd11e",
            "pi_image_name": "IBMi73-MOP",
            "size": 80,
            "state": "active"
          }
        }
      ]
    },
    {
      "mode": "managed",
      "type": "ibm_pi_network",
      "name": "power_network_public",
      "each": "list",
      "provider": "provider.ibm",
      "instances": [
        {
          "index_key": 0,
          "schema_version": 0,
          "attributes": {
            "id": "f83b6038-b9a7-42a6-9500-6d458bbdd11e/3442e009-8b5e-4e73-a4c2-ede650ebb93a",
            "network_id": "3442e009-8b5e-4e73-a4c2-ede650ebb93a",
            "pi_cidr": "192.168.132.88/29",
            "pi_cloud_instance_id": "f83b6038-b9a7-42a6-9500-6d458bbdd11e",
            "pi_dns": null,
            "pi_gateway": null,
            "pi_network_name": "power-network-pub",
            "pi_network_type": "pub-vlan",
            "timeouts": null,
            "vlan_id": 2071
          },
          "private": "eyJlMmJmYjczMC1lY2FhLTExZTYtOGY4OC0zNDM2M2JjN2M0YzAiOnsiY3JlYXRlIjozNjAwMDAwMDAwMDAwLCJkZWxldGUiOjM2MDAwMDAwMDAwMDB9fQ=="
        }
      ]
    }
  ]
}
