{
  "version": 4,
  "terraform_version": "0.12.21",
  "serial": 7,
  "lineage": "38bb6886-b15d-b1eb-452f-218349de1b49",
  "outputs": {
    "img-ibmi-size": {
      "value": 80,
      "type": "number"
    }
  },
  "resources": [
    {
      "mode": "data",
      "type": "ibm_pi_image",
      "name": "power_images",
      "provider": "provider.ibm",
      "instances": [
        {
          "schema_version": 0,
          "attributes": {
            "architecture": "ppc64",
            "hypervisor": "phyp",
            "id": "921e1bcf-77fe-4e4b-8d03-033d746092ee",
            "operatingsystem": "ibmi",
            "pi_cloud_instance_id": "f83b6038-b9a7-42a6-9500-6d458bbdd11e",
            "pi_image_name": "IBMi73-MOP",
            "size": 80,
            "state": "active"
          }
        }
      ]
    },
    {
      "mode": "data",
      "type": "ibm_pi_network",
      "name": "power_networks",
      "each": "list",
      "provider": "provider.ibm",
      "instances": [
        {
          "index_key": 0,
          "schema_version": 0,
          "attributes": {
            "available_ip_count": 252,
            "cidr": "10.0.44.0/24",
            "gateway": "10.0.44.1",
            "id": "3ea919be-e1c5-4fac-a629-fdb5c2f311f4",
            "pi_cloud_instance_id": "f83b6038-b9a7-42a6-9500-6d458bbdd11e",
            "pi_network_name": "internal",
            "type": "vlan",
            "used_ip_count": 0,
            "used_ip_percent": 0,
            "vlan_id": 247
          }
        }
      ]
    },
    {
      "mode": "managed",
      "type": "ibm_pi_network",
      "name": "power_network_public",
      "provider": "provider.ibm",
      "instances": [
        {
          "schema_version": 0,
          "attributes": {
            "id": "f83b6038-b9a7-42a6-9500-6d458bbdd11e/801205cf-5d1f-4a56-bd24-b8dcccbf5d5e",
            "network_id": "801205cf-5d1f-4a56-bd24-b8dcccbf5d5e",
            "pi_cidr": "192.168.132.224/29",
            "pi_cloud_instance_id": "f83b6038-b9a7-42a6-9500-6d458bbdd11e",
            "pi_dns": [],
            "pi_gateway": null,
            "pi_network_name": "pub-vlan",
            "pi_network_type": "pub-vlan",
            "timeouts": null,
            "vlan_id": 2088
          },
          "private": "eyJlMmJmYjczMC1lY2FhLTExZTYtOGY4OC0zNDM2M2JjN2M0YzAiOnsiY3JlYXRlIjozNjAwMDAwMDAwMDAwLCJkZWxldGUiOjM2MDAwMDAwMDAwMDB9fQ=="
        }
      ]
    }
  ]
}
