{
    "version": 3,
    "terraform_version": "0.11.8",
    "serial": 2,
    "lineage": "13094455-c9df-3ad8-15b0-79936800ac05",
    "modules": [
        {
            "path": [
                "root"
            ],
            "outputs": {
                "health_status": {
                    "sensitive": false,
                    "type": "string",
                    "value": "OK"
                },
                "ip_address": {
                    "sensitive": false,
                    "type": "list",
                    "value": [
                        {
                            "external_ip": "",
                            "ip": "10.0.44.85",
                            "macaddress": "fa:a4:c5:e7:e3:21",
                            "network_id": "3ea919be-e1c5-4fac-a629-fdb5c2f311f4",
                            "network_name": "internal",
                            "type": "fixed"
                        },
                        {
                            "external_ip": "161.156.153.253",
                            "ip": "192.168.132.13",
                            "macaddress": "fa:a4:c5:e7:e3:20",
                            "network_id": "0a9c6f40-e01b-45cd-a35a-6d9d9b5186d5",
                            "network_name": "pub-vlan",
                            "type": "fixed"
                        }
                    ]
                }
            },
            "resources": {
                "data.ibm_pi_image.power_images": {
                    "type": "ibm_pi_image",
                    "depends_on": [],
                    "primary": {
                        "id": "c23e3798-1b36-4d70-9431-99b01fd9eabf",
                        "attributes": {
                            "architecture": "ppc64",
                            "hypervisor": "phyp",
                            "id": "c23e3798-1b36-4d70-9431-99b01fd9eabf",
                            "operatingsystem": "ibmi",
                            "pi_cloud_instance_id": "f83b6038-b9a7-42a6-9500-6d458bbdd11e",
                            "pi_image_name": "ibm74-dev-mop",
                            "size": "80",
                            "state": "active"
                        },
                        "meta": {},
                        "tainted": false
                    },
                    "deposed": [],
                    "provider": "provider.ibm"
                },
                "data.ibm_pi_network.power_networks.0": {
                    "type": "ibm_pi_network",
                    "depends_on": [],
                    "primary": {
                        "id": "3ea919be-e1c5-4fac-a629-fdb5c2f311f4",
                        "attributes": {
                            "available_ip_count": "252",
                            "cidr": "10.0.44.0/24",
                            "gateway": "10.0.44.1",
                            "id": "3ea919be-e1c5-4fac-a629-fdb5c2f311f4",
                            "name": "internal",
                            "pi_cloud_instance_id": "f83b6038-b9a7-42a6-9500-6d458bbdd11e",
                            "pi_network_name": "internal",
                            "type": "vlan",
                            "used_ip_count": "0",
                            "used_ip_percent": "0",
                            "vlan_id": "247"
                        },
                        "meta": {},
                        "tainted": false
                    },
                    "deposed": [],
                    "provider": "provider.ibm"
                },
                "data.ibm_pi_network.power_networks.1": {
                    "type": "ibm_pi_network",
                    "depends_on": [],
                    "primary": {
                        "id": "0a9c6f40-e01b-45cd-a35a-6d9d9b5186d5",
                        "attributes": {
                            "available_ip_count": "5",
                            "cidr": "192.168.132.8/29",
                            "gateway": "192.168.132.9",
                            "id": "0a9c6f40-e01b-45cd-a35a-6d9d9b5186d5",
                            "name": "pub-vlan",
                            "pi_cloud_instance_id": "f83b6038-b9a7-42a6-9500-6d458bbdd11e",
                            "pi_network_name": "pub-vlan",
                            "type": "pub-vlan",
                            "used_ip_count": "0",
                            "used_ip_percent": "0",
                            "vlan_id": "2061"
                        },
                        "meta": {},
                        "tainted": false
                    },
                    "deposed": [],
                    "provider": "provider.ibm"
                },
                "ibm_pi_instance.pvminstance": {
                    "type": "ibm_pi_instance",
                    "depends_on": [
                        "data.ibm_pi_image.power_images",
                        "data.ibm_pi_network.power_networks.*"
                    ],
                    "primary": {
                        "id": "f83b6038-b9a7-42a6-9500-6d458bbdd11e/6f37f577-49f6-4ce9-96fb-3cff796c2a80",
                        "attributes": {
                            "addresses.#": "2",
                            "addresses.0.external_ip": "",
                            "addresses.0.ip": "10.0.44.85",
                            "addresses.0.macaddress": "fa:a4:c5:e7:e3:21",
                            "addresses.0.network_id": "3ea919be-e1c5-4fac-a629-fdb5c2f311f4",
                            "addresses.0.network_name": "internal",
                            "addresses.0.type": "fixed",
                            "addresses.1.external_ip": "161.156.153.253",
                            "addresses.1.ip": "192.168.132.13",
                            "addresses.1.macaddress": "fa:a4:c5:e7:e3:20",
                            "addresses.1.network_id": "0a9c6f40-e01b-45cd-a35a-6d9d9b5186d5",
                            "addresses.1.network_name": "pub-vlan",
                            "addresses.1.type": "fixed",
                            "health_status": "OK",
                            "id": "f83b6038-b9a7-42a6-9500-6d458bbdd11e/6f37f577-49f6-4ce9-96fb-3cff796c2a80",
                            "instance_id": "6f37f577-49f6-4ce9-96fb-3cff796c2a80",
                            "max_memory": "0",
                            "max_processors": "0",
                            "migratable": "false",
                            "min_memory": "0",
                            "min_processors": "0",
                            "pi_cloud_instance_id": "f83b6038-b9a7-42a6-9500-6d458bbdd11e",
                            "pi_image_id": "c23e3798-1b36-4d70-9431-99b01fd9eabf",
                            "pi_instance_name": "ibmi101",
                            "pi_key_pair_name": "TEST",
                            "pi_memory": "0",
                            "pi_network_ids.#": "2",
                            "pi_network_ids.3903441197": "0a9c6f40-e01b-45cd-a35a-6d9d9b5186d5",
                            "pi_network_ids.501857517": "3ea919be-e1c5-4fac-a629-fdb5c2f311f4",
                            "pi_pin_policy": "none",
                            "pi_proc_type": "",
                            "pi_processors": "0",
                            "pi_progress": "0",
                            "pi_replicants": "1",
                            "pi_replication_policy": "none",
                            "pi_replication_scheme": "suffix",
                            "pi_sys_type": "s922",
                            "pi_volume_ids.#": "1",
                            "pi_volume_ids.1689012595": "1a014e85-86a7-4be4-8afb-f93f617095aa",
                            "pin_policy": "none",
                            "status": "ACTIVE"
                        },
                        "meta": {
                            "e2bfb730-ecaa-11e6-8f88-34363bc7c4c0": {
                                "create": 3600000000000,
                                "delete": 3600000000000,
                                "update": 3600000000000
                            }
                        },
                        "tainted": false
                    },
                    "deposed": [],
                    "provider": "provider.ibm"
                },
                "local_file.vm_private_key": {
                    "type": "local_file",
                    "depends_on": [],
                    "primary": {
                        "id": "6acddd0ee87c1291804fa469e2698e55cf2b9cfc",
                        "attributes": {
                            "content_base64": "LS0tLS1CRUdJTiBPUEVOU1NIIFBSSVZBVEUgS0VZLS0tLS0KYjNCbGJuTnphQzFyWlhrdGRqRUFBQUFBQkc1dmJtVUFBQUFFYm05dVpRQUFBQUFBQUFBQkFBQUJGd0FBQUFkemMyZ3RjbgpOaEFBQUFBd0VBQVFBQUFRRUE2R1hDbkM4RW9MOUxGUURXbFR4TEYraGU5UGgveXk5cU5FSThDelh4TGpjZGZSWi9JNmwvCmk1cGxvTkRQZTdyYUtQOGNQb3RxK3YzeWduMjZBaVJURFZGZ3d6TFlpd3JhNTdENXZDeU1JVytsNjk1d1JrbkdxenkyRW8KMllsaFd2UWxsRDcvZUtieTgxVWtWa1kyenpZRE9STTBMZ21zd2FSRDh1OUR4bzZDeDd2a245TitFcG45c01ZMXRzaXhNQwo1VmMxZ3hlejZEd3pmVnlSOWFvUURTU3V4QUJwNjgwcGMrbTMrZ0NiYmlqSTArazg2SS9uQVhCNFJYNXpUNklKYXVzc3ZuCjM5OS9EcHBuVG9scjNIY1dHTXdaQWsxRXVYd0pTbzJHRTg3UjRSYjVqLzBVYWpucUhZRnlBT0hQemZkeENGdG1DTDZBYy8KKzRqanU4N0trd0FBQTlBNDdrNFFPTzVPRUFBQUFBZHpjMmd0Y25OaEFBQUJBUURvWmNLY0x3U2d2MHNWQU5hVlBFc1g2Rgo3MCtIL0xMMm8wUWp3TE5mRXVOeDE5Rm44anFYK0xtbVdnME05N3V0b28veHcraTJyNi9mS0NmYm9DSkZNTlVXRERNdGlMCkN0cm5zUG04TEl3aGI2WHIzbkJHU2NhclBMWVNqWmlXRmE5Q1dVUHY5NHB2THpWU1JXUmpiUE5nTTVFelF1Q2F6QnBFUHkKNzBQR2pvTEh1K1NmMDM0U21mMnd4alcyeUxFd0xsVnpXREY3UG9QRE45WEpIMXFoQU5KSzdFQUducnpTbHo2YmY2QUp0dQpLTWpUNlR6b2orY0JjSGhGZm5OUG9nbHE2eXkrZmYzMzhPbW1kT2lXdmNkeFlZekJrQ1RVUzVmQWxLallZVHp0SGhGdm1QCi9SUnFPZW9kZ1hJQTRjL045M0VJVzJZSXZvQnovN2lPTzd6c3FUQUFBQUF3RUFBUUFBQVFCNmp2L2M0aWJzcHpWdmRDdTIKTkQvZDhkdnlFUU5FSWxNK0VCZ2VTV3BSMXhza0ZyTWlHWWQ4RmdhMmtxaDVOZ2RMUzQ2WHBXcmJ4d1VYc0RwaVdzbTU0awpySFpvOHdkSjhSUlJIUEhTY2hrd0hMckZsRm1DNi9xNXJSbWY3NFY2TS91RmZOdTV3MEdvOWlQZG85WFAzVXBCMVZEVlhxCkRPMWxSSFQ4dE1jV2VTMlJUL3h6bEwwYTloVkR1VmhHZjQ4eUthU0xhdng5N29TeU9sOHZPd0haczRxdEdKb25PR0VYVWkKM2N3QmVtdXE2TkJkZVpWUDFGNy9nS01Pd0RLc29PRXVkdlBINFN3RnRQb0JiWUUzN1B2ZDEwbWtXb3RmY0dhMitJeWlVWgpZNlhNd3FSZ3YvSDRwY3Q0Qit1a1RqNitPVWRxcmRMazZBd29QZTV5RlVTeEFBQUFnUUM4WVlVOEplYk9OUjdVMHIvTURICm0rSm0vdnkveE0vZ1luUEYzSWV4WVFrcXBPclJyaEd2N09rZ3dEYk44QW82d0w0bkNXNVBwWVJjbTFvemQyZnRvYkU4TmcKTWY0c0ZMV2kwd1RZd0E4bHNZc2FzOThPL1Vwci9pYytieUhnWmxtTUZab2JkQkR6SytrdE5iOFZyaTBEU2ZwMGNodEpBZgpGNDJuMnBRdWpnVWdBQUFJRUEvOTNOb2N3WjdJUE9HWVlRZy9pNTVNekRFM3lwN0E0SzJWanVCQ3E1MVYzMXBPRUVTUnZZCkc3WDY2QnRxMjRONmFGUERDbHE0MmRhajZYNUxDM1dCVmVOT0NhZ3hCTVRVQ3JIRlR6MDBKSjYrRkJ2RkRBc1hKUEpueXEKaElSWDd1Z2N2cWFKS2tnWGszV2JLZEZPdFA3K2lqb2RoNk1yMExUWFJpWW5xSFIzY0FBQUNCQU9pRTBmK1Q0cnB6NDNmSwpuMXprWEFJd1JsYnV4a0FUV2pSUkZvaWdKMzM2bDE3YTArWW1meFo4QUZmTG8yUHVSMHE5dG80TkdqYWpyOEp5c2VLL2ZICjZNYzJ5eVZpMlNsZWFHbjJkbFY0T0tsK0M5NlpqSlBMOEkvNElIVVN2bnA1ckd4ZUo5UCtIQ28yU3RTRVNqelpmQUpBMXoKSzcxejl5OG95T3VIdkpURkFBQUFGV3AzWTNKdmNIQmxRR3AzWTNKdmNIQmxMVzFoWXdFQ0F3UUYKLS0tLS1FTkQgT1BFTlNTSCBQUklWQVRFIEtFWS0tLS0tCg==",
                            "directory_permission": "0777",
                            "file_permission": "0777",
                            "filename": "tmp/id_rsa",
                            "id": "6acddd0ee87c1291804fa469e2698e55cf2b9cfc"
                        },
                        "meta": {},
                        "tainted": false
                    },
                    "deposed": [],
                    "provider": "provider.local"
                }
            },
            "depends_on": []
        }
    ]
}
