{
  "version": 4,
  "terraform_version": "0.12.24",
  "serial": 10,
  "lineage": "b82d9d40-9c2f-1cfd-bbcb-54860e661be2",
  "outputs": {
    "health_status": {
      "value": "OK",
      "type": "string"
    },
    "ip_address": {
      "value": [
        {
          "external_ip": "",
          "ip": "10.0.44.192",
          "macaddress": "fa:98:09:fd:05:21",
          "network_id": "3ea919be-e1c5-4fac-a629-fdb5c2f311f4",
          "network_name": "internal",
          "type": "fixed"
        },
        {
          "external_ip": "161.156.154.102",
          "ip": "192.168.132.118",
          "macaddress": "fa:98:09:fd:05:20",
          "network_id": "a3a5cdb3-ca91-4bdd-99b4-37aa85bb65ec",
          "network_name": "pub-vlan2",
          "type": "fixed"
        }
      ],
      "type": [
        "list",
        [
          "object",
          {
            "external_ip": "string",
            "ip": "string",
            "macaddress": "string",
            "network_id": "string",
            "network_name": "string",
            "type": "string"
          }
        ]
      ]
    }
  },
  "resources": [
    {
      "mode": "data",
      "type": "ibm_pi_network",
      "name": "power_networks",
      "each": "list",
      "provider": "provider.ibm",
      "instances": []
    },
    {
      "mode": "managed",
      "type": "ibm_pi_network",
      "name": "power_network_public",
      "provider": "provider.ibm",
      "instances": [
        {
          "schema_version": 0,
          "attributes": {
            "id": "f83b6038-b9a7-42a6-9500-6d458bbdd11e/a3a5cdb3-ca91-4bdd-99b4-37aa85bb65ec",
            "network_id": "a3a5cdb3-ca91-4bdd-99b4-37aa85bb65ec",
            "pi_cidr": "192.168.132.112/29",
            "pi_cloud_instance_id": "f83b6038-b9a7-42a6-9500-6d458bbdd11e",
            "pi_dns": [],
            "pi_gateway": null,
            "pi_network_name": "pub-vlan2",
            "pi_network_type": "pub-vlan",
            "timeouts": null,
            "vlan_id": 2074
          }
        }
      ]
    }
  ]
}
